
Microsoft Visual Studio Solution File, Format Version 12.00
# Visual Studio Version 16
VisualStudioVersion = 16.0.31019.35
MinimumVisualStudioVersion = 10.0.40219.1
Project("{FAE04EC0-301F-11D3-BF4B-00C04F79EFBC}") = "PraticalTask3_LinearAndBinarySearch", "PraticalTask3_LinearAndBinarySearch.csproj", "{39ADA2D3-E05C-4AE3-BDDB-528CC3D4DEE7}"
EndProject
Global
	GlobalSection(SolutionConfigurationPlatforms) = preSolution
		Debug|Any CPU = Debug|Any CPU
		Release|Any CPU = Release|Any CPU
	EndGlobalSection
	GlobalSection(ProjectConfigurationPlatforms) = postSolution
		{39ADA2D3-E05C-4AE3-BDDB-528CC3D4DEE7}.Debug|Any CPU.ActiveCfg = Debug|Any CPU
		{39ADA2D3-E05C-4AE3-BDDB-528CC3D4DEE7}.Debug|Any CPU.Build.0 = Debug|Any CPU
		{39ADA2D3-E05C-4AE3-BDDB-528CC3D4DEE7}.Release|Any CPU.ActiveCfg = Release|Any CPU
		{39ADA2D3-E05C-4AE3-BDDB-528CC3D4DEE7}.Release|Any CPU.Build.0 = Release|Any CPU
	EndGlobalSection
	GlobalSection(SolutionProperties) = preSolution
		HideSolutionNode = FALSE
	EndGlobalSection
	GlobalSection(ExtensibilityGlobals) = postSolution
		SolutionGuid = {E159698A-5AB8-44E5-AAF5-CEA007B86516}
	EndGlobalSection
EndGlobal
